
Microsoft Visual Studio Solution File, Format Version 12.00
# Visual Studio Version 16
VisualStudioVersion = 16.0.30225.117
MinimumVisualStudioVersion = 10.0.40219.1
Project("{9A19103F-16F7-4668-BE54-9A1E7A4F7556}") = "coreGalery", "coreGalery\coreGalery.csproj", "{31C585DD-FE26-4E79-B3A8-C24F540E1D4E}"
EndProject
Project("{FAE04EC0-301F-11D3-BF4B-00C04F79EFBC}") = "DBFiller", "DBFiller\DBFiller.csproj", "{3975D92E-EA7A-4462-8C13-AE937B22B886}"
EndProject
Project("{FAE04EC0-301F-11D3-BF4B-00C04F79EFBC}") = "coreDBFiller", "coreDBFiller\coreDBFiller.csproj", "{C79FA779-B1D0-4458-8F7E-27AC25B2F45D}"
EndProject
Global
	GlobalSection(SolutionConfigurationPlatforms) = preSolution
		Debug|Any CPU = Debug|Any CPU
		Release|Any CPU = Release|Any CPU
	EndGlobalSection
	GlobalSection(ProjectConfigurationPlatforms) = postSolution
		{31C585DD-FE26-4E79-B3A8-C24F540E1D4E}.Debug|Any CPU.ActiveCfg = Debug|Any CPU
		{31C585DD-FE26-4E79-B3A8-C24F540E1D4E}.Debug|Any CPU.Build.0 = Debug|Any CPU
		{31C585DD-FE26-4E79-B3A8-C24F540E1D4E}.Release|Any CPU.ActiveCfg = Release|Any CPU
		{31C585DD-FE26-4E79-B3A8-C24F540E1D4E}.Release|Any CPU.Build.0 = Release|Any CPU
		{3975D92E-EA7A-4462-8C13-AE937B22B886}.Debug|Any CPU.ActiveCfg = Debug|Any CPU
		{3975D92E-EA7A-4462-8C13-AE937B22B886}.Debug|Any CPU.Build.0 = Debug|Any CPU
		{3975D92E-EA7A-4462-8C13-AE937B22B886}.Release|Any CPU.ActiveCfg = Release|Any CPU
		{3975D92E-EA7A-4462-8C13-AE937B22B886}.Release|Any CPU.Build.0 = Release|Any CPU
		{C79FA779-B1D0-4458-8F7E-27AC25B2F45D}.Debug|Any CPU.ActiveCfg = Debug|Any CPU
		{C79FA779-B1D0-4458-8F7E-27AC25B2F45D}.Debug|Any CPU.Build.0 = Debug|Any CPU
		{C79FA779-B1D0-4458-8F7E-27AC25B2F45D}.Release|Any CPU.ActiveCfg = Release|Any CPU
		{C79FA779-B1D0-4458-8F7E-27AC25B2F45D}.Release|Any CPU.Build.0 = Release|Any CPU
	EndGlobalSection
	GlobalSection(SolutionProperties) = preSolution
		HideSolutionNode = FALSE
	EndGlobalSection
	GlobalSection(ExtensibilityGlobals) = postSolution
		SolutionGuid = {F1AC65D7-223B-422A-AEA1-F9B51BD0B85F}
	EndGlobalSection
EndGlobal
